<?xml version="1.0" encoding="utf-8"?>
<Project ToolsVersion="4.0" xmlns="http://schemas.microsoft.com/developer/msbuild/2003">
  <ItemGroup>
    <ClCompile Include="AssemblyInfo.cpp" />
    <ClCompile Include="CrossMarkDetector.cpp" />
    <ClCompile Include="ImageConverter.cpp" />
    <ClCompile Include="ImageHolder.cpp" />
    <ClCompile Include="Labeling.cpp" />
    <ClCompile Include="Line.cpp" />
    <ClCompile Include="Sort.cpp" />
    <ClCompile Include="Stdafx.cpp" />
    <ClCompile Include="CircumBox.cpp" />
    <ClCompile Include="ImageEnhancement.cpp" />
  </ItemGroup>
  <ItemGroup>
    <ClInclude Include="CrossMarkDetector.h" />
    <ClInclude Include="Direction.h" />
    <ClInclude Include="ImageCoonverter.h" />
    <ClInclude Include="ImageHolder.h" />
    <ClInclude Include="ImreadMode.h" />
    <ClInclude Include="Labeling.h" />
    <ClInclude Include="Line.h" />
    <ClInclude Include="resource.h" />
    <ClInclude Include="Sort.h" />
    <ClInclude Include="Stdafx.h" />
    <ClInclude Include="ThresholdMode.h" />
    <ClInclude Include="CircumBox.h" />
    <ClInclude Include="RecognizeFailedException.h" />
    <ClInclude Include="ImageEnhancement.h" />
  </ItemGroup>
  <ItemGroup>
    <ResourceCompile Include="app.rc" />
  </ItemGroup>
</Project>